// !$*UTF8*$!
{
	archiveVersion = 1;
	classes = {
	};
	objectVersion = 56;
	objects = {

/* Begin PBXBuildFile section */
		77426E62290A59D8009BC0CA /* HPSampleApp.swift in Sources */ = {isa = PBXBuildFile; fileRef = 77426E61290A59D8009BC0CA /* HPSampleApp.swift */; };
		77426E64290A59D8009BC0CA /* ContentView.swift in Sources */ = {isa = PBXBuildFile; fileRef = 77426E63290A59D8009BC0CA /* ContentView.swift */; };
		77426E66290A59DA009BC0CA /* Assets.xcassets in Resources */ = {isa = PBXBuildFile; fileRef = 77426E65290A59DA009BC0CA /* Assets.xcassets */; };
		77426E69290A59DA009BC0CA /* Preview Assets.xcassets in Resources */ = {isa = PBXBuildFile; fileRef = 77426E68290A59DA009BC0CA /* Preview Assets.xcassets */; };
		77426E73290A59DA009BC0CA /* HPSampleTests.swift in Sources */ = {isa = PBXBuildFile; fileRef = 77426E72290A59DA009BC0CA /* HPSampleTests.swift */; };
		77426E7D290A59DA009BC0CA /* HPSampleUITests.swift in Sources */ = {isa = PBXBuildFile; fileRef = 77426E7C290A59DA009BC0CA /* HPSampleUITests.swift */; };
		77426E7F290A59DA009BC0CA /* HPSampleUITestsLaunchTests.swift in Sources */ = {isa = PBXBuildFile; fileRef = 77426E7E290A59DA009BC0CA /* HPSampleUITestsLaunchTests.swift */; };
		77426E8D290A5A13009BC0CA /* NetworkService.swift in Sources */ = {isa = PBXBuildFile; fileRef = 77426E8C290A5A13009BC0CA /* NetworkService.swift */; };
		77426E90290A5A42009BC0CA /* CharacterListView.swift in Sources */ = {isa = PBXBuildFile; fileRef = 77426E8F290A5A42009BC0CA /* CharacterListView.swift */; };
		77426E92290A5A53009BC0CA /* CharacterListViewModel.swift in Sources */ = {isa = PBXBuildFile; fileRef = 77426E91290A5A53009BC0CA /* CharacterListViewModel.swift */; };
		77426E95290A5A72009BC0CA /* Character.swift in Sources */ = {isa = PBXBuildFile; fileRef = 77426E94290A5A72009BC0CA /* Character.swift */; };
		77426E97290A5B3D009BC0CA /* HPService.swift in Sources */ = {isa = PBXBuildFile; fileRef = 77426E96290A5B3D009BC0CA /* HPService.swift */; };
		77426E99290A648B009BC0CA /* CharacterViewModel.swift in Sources */ = {isa = PBXBuildFile; fileRef = 77426E98290A648B009BC0CA /* CharacterViewModel.swift */; };
		77426E9B290A6711009BC0CA /* CharacterItem.swift in Sources */ = {isa = PBXBuildFile; fileRef = 77426E9A290A6711009BC0CA /* CharacterItem.swift */; };
/* End PBXBuildFile section */

/* Begin PBXContainerItemProxy section */
		77426E6F290A59DA009BC0CA /* PBXContainerItemProxy */ = {
			isa = PBXContainerItemProxy;
			containerPortal = 77426E56290A59D8009BC0CA /* Project object */;
			proxyType = 1;
			remoteGlobalIDString = 77426E5D290A59D8009BC0CA;
			remoteInfo = HPSample;
		};
		77426E79290A59DA009BC0CA /* PBXContainerItemProxy */ = {
			isa = PBXContainerItemProxy;
			containerPortal = 77426E56290A59D8009BC0CA /* Project object */;
			proxyType = 1;
			remoteGlobalIDString = 77426E5D290A59D8009BC0CA;
			remoteInfo = HPSample;
		};
/* End PBXContainerItemProxy section */

/* Begin PBXFileReference section */
		77426E5E290A59D8009BC0CA /* HPSample.app */ = {isa = PBXFileReference; explicitFileType = wrapper.application; includeInIndex = 0; path = HPSample.app; sourceTree = BUILT_PRODUCTS_DIR; };
		77426E61290A59D8009BC0CA /* HPSampleApp.swift */ = {isa = PBXFileReference; lastKnownFileType = sourcecode.swift; path = HPSampleApp.swift; sourceTree = "<group>"; };
		77426E63290A59D8009BC0CA /* ContentView.swift */ = {isa = PBXFileReference; lastKnownFileType = sourcecode.swift; path = ContentView.swift; sourceTree = "<group>"; };
		77426E65290A59DA009BC0CA /* Assets.xcassets */ = {isa = PBXFileReference; lastKnownFileType = folder.assetcatalog; path = Assets.xcassets; sourceTree = "<group>"; };
		77426E68290A59DA009BC0CA /* Preview Assets.xcassets */ = {isa = PBXFileReference; lastKnownFileType = folder.assetcatalog; path = "Preview Assets.xcassets"; sourceTree = "<group>"; };
		77426E6E290A59DA009BC0CA /* HPSampleTests.xctest */ = {isa = PBXFileReference; explicitFileType = wrapper.cfbundle; includeInIndex = 0; path = HPSampleTests.xctest; sourceTree = BUILT_PRODUCTS_DIR; };
		77426E72290A59DA009BC0CA /* HPSampleTests.swift */ = {isa = PBXFileReference; lastKnownFileType = sourcecode.swift; path = HPSampleTests.swift; sourceTree = "<group>"; };
		77426E78290A59DA009BC0CA /* HPSampleUITests.xctest */ = {isa = PBXFileReference; explicitFileType = wrapper.cfbundle; includeInIndex = 0; path = HPSampleUITests.xctest; sourceTree = BUILT_PRODUCTS_DIR; };
		77426E7C290A59DA009BC0CA /* HPSampleUITests.swift */ = {isa = PBXFileReference; lastKnownFileType = sourcecode.swift; path = HPSampleUITests.swift; sourceTree = "<group>"; };
		77426E7E290A59DA009BC0CA /* HPSampleUITestsLaunchTests.swift */ = {isa = PBXFileReference; lastKnownFileType = sourcecode.swift; path = HPSampleUITestsLaunchTests.swift; sourceTree = "<group>"; };
		77426E8C290A5A13009BC0CA /* NetworkService.swift */ = {isa = PBXFileReference; lastKnownFileType = sourcecode.swift; path = NetworkService.swift; sourceTree = "<group>"; };
		77426E8F290A5A42009BC0CA /* CharacterListView.swift */ = {isa = PBXFileReference; lastKnownFileType = sourcecode.swift; path = CharacterListView.swift; sourceTree = "<group>"; };
		77426E91290A5A53009BC0CA /* CharacterListViewModel.swift */ = {isa = PBXFileReference; lastKnownFileType = sourcecode.swift; path = CharacterListViewModel.swift; sourceTree = "<group>"; };
		77426E94290A5A72009BC0CA /* Character.swift */ = {isa = PBXFileReference; lastKnownFileType = sourcecode.swift; path = Character.swift; sourceTree = "<group>"; };
		77426E96290A5B3D009BC0CA /* HPService.swift */ = {isa = PBXFileReference; lastKnownFileType = sourcecode.swift; path = HPService.swift; sourceTree = "<group>"; };
		77426E98290A648B009BC0CA /* CharacterViewModel.swift */ = {isa = PBXFileReference; lastKnownFileType = sourcecode.swift; path = CharacterViewModel.swift; sourceTree = "<group>"; };
		77426E9A290A6711009BC0CA /* CharacterItem.swift */ = {isa = PBXFileReference; lastKnownFileType = sourcecode.swift; path = CharacterItem.swift; sourceTree = "<group>"; };
/* End PBXFileReference section */

/* Begin PBXFrameworksBuildPhase section */
		77426E5B290A59D8009BC0CA /* Frameworks */ = {
			isa = PBXFrameworksBuildPhase;
			buildActionMask = 2147483647;
			files = (
			);
			runOnlyForDeploymentPostprocessing = 0;
		};
		77426E6B290A59DA009BC0CA /* Frameworks */ = {
			isa = PBXFrameworksBuildPhase;
			buildActionMask = 2147483647;
			files = (
			);
			runOnlyForDeploymentPostprocessing = 0;
		};
		77426E75290A59DA009BC0CA /* Frameworks */ = {
			isa = PBXFrameworksBuildPhase;
			buildActionMask = 2147483647;
			files = (
			);
			runOnlyForDeploymentPostprocessing = 0;
		};
/* End PBXFrameworksBuildPhase section */

/* Begin PBXGroup section */
		77426E55290A59D8009BC0CA = {
			isa = PBXGroup;
			children = (
				77426E60290A59D8009BC0CA /* HPSample */,
				77426E71290A59DA009BC0CA /* HPSampleTests */,
				77426E7B290A59DA009BC0CA /* HPSampleUITests */,
				77426E5F290A59D8009BC0CA /* Products */,
			);
			sourceTree = "<group>";
		};
		77426E5F290A59D8009BC0CA /* Products */ = {
			isa = PBXGroup;
			children = (
				77426E5E290A59D8009BC0CA /* HPSample.app */,
				77426E6E290A59DA009BC0CA /* HPSampleTests.xctest */,
				77426E78290A59DA009BC0CA /* HPSampleUITests.xctest */,
			);
			name = Products;
			sourceTree = "<group>";
		};
		77426E60290A59D8009BC0CA /* HPSample */ = {
			isa = PBXGroup;
			children = (
				77426E93290A5A64009BC0CA /* Models */,
				77426E8E290A5A2E009BC0CA /* CharacterList */,
				77426E8B290A59EA009BC0CA /* Network */,
				77426E61290A59D8009BC0CA /* HPSampleApp.swift */,
				77426E63290A59D8009BC0CA /* ContentView.swift */,
				77426E65290A59DA009BC0CA /* Assets.xcassets */,
				77426E67290A59DA009BC0CA /* Preview Content */,
			);
			path = HPSample;
			sourceTree = "<group>";
		};
		77426E67290A59DA009BC0CA /* Preview Content */ = {
			isa = PBXGroup;
			children = (
				77426E68290A59DA009BC0CA /* Preview Assets.xcassets */,
			);
			path = "Preview Content";
			sourceTree = "<group>";
		};
		77426E71290A59DA009BC0CA /* HPSampleTests */ = {
			isa = PBXGroup;
			children = (
				77426E72290A59DA009BC0CA /* HPSampleTests.swift */,
			);
			path = HPSampleTests;
			sourceTree = "<group>";
		};
		77426E7B290A59DA009BC0CA /* HPSampleUITests */ = {
			isa = PBXGroup;
			children = (
				77426E7C290A59DA009BC0CA /* HPSampleUITests.swift */,
				77426E7E290A59DA009BC0CA /* HPSampleUITestsLaunchTests.swift */,
			);
			path = HPSampleUITests;
			sourceTree = "<group>";
		};
		77426E8B290A59EA009BC0CA /* Network */ = {
			isa = PBXGroup;
			children = (
				77426E8C290A5A13009BC0CA /* NetworkService.swift */,
			);
			path = Network;
			sourceTree = "<group>";
		};
		77426E8E290A5A2E009BC0CA /* CharacterList */ = {
			isa = PBXGroup;
			children = (
				77426E8F290A5A42009BC0CA /* CharacterListView.swift */,
				77426E91290A5A53009BC0CA /* CharacterListViewModel.swift */,
				77426E96290A5B3D009BC0CA /* HPService.swift */,
				77426E98290A648B009BC0CA /* CharacterViewModel.swift */,
				77426E9A290A6711009BC0CA /* CharacterItem.swift */,
			);
			path = CharacterList;
			sourceTree = "<group>";
		};
		77426E93290A5A64009BC0CA /* Models */ = {
			isa = PBXGroup;
			children = (
				77426E94290A5A72009BC0CA /* Character.swift */,
			);
			path = Models;
			sourceTree = "<group>";
		};
/* End PBXGroup section */

/* Begin PBXNativeTarget section */
		77426E5D290A59D8009BC0CA /* HPSample */ = {
			isa = PBXNativeTarget;
			buildConfigurationList = 77426E82290A59DA009BC0CA /* Build configuration list for PBXNativeTarget "HPSample" */;
			buildPhases = (
				77426E5A290A59D8009BC0CA /* Sources */,
				77426E5B290A59D8009BC0CA /* Frameworks */,
				77426E5C290A59D8009BC0CA /* Resources */,
			);
			buildRules = (
			);
			dependencies = (
			);
			name = HPSample;
			productName = HPSample;
			productReference = 77426E5E290A59D8009BC0CA /* HPSample.app */;
			productType = "com.apple.product-type.application";
		};
		77426E6D290A59DA009BC0CA /* HPSampleTests */ = {
			isa = PBXNativeTarget;
			buildConfigurationList = 77426E85290A59DA009BC0CA /* Build configuration list for PBXNativeTarget "HPSampleTests" */;
			buildPhases = (
				77426E6A290A59DA009BC0CA /* Sources */,
				77426E6B290A59DA009BC0CA /* Frameworks */,
				77426E6C290A59DA009BC0CA /* Resources */,
			);
			buildRules = (
			);
			dependencies = (
				77426E70290A59DA009BC0CA /* PBXTargetDependency */,
			);
			name = HPSampleTests;
			productName = HPSampleTests;
			productReference = 77426E6E290A59DA009BC0CA /* HPSampleTests.xctest */;
			productType = "com.apple.product-type.bundle.unit-test";
		};
		77426E77290A59DA009BC0CA /* HPSampleUITests */ = {
			isa = PBXNativeTarget;
			buildConfigurationList = 77426E88290A59DA009BC0CA /* Build configuration list for PBXNativeTarget "HPSampleUITests" */;
			buildPhases = (
				77426E74290A59DA009BC0CA /* Sources */,
				77426E75290A59DA009BC0CA /* Frameworks */,
				77426E76290A59DA009BC0CA /* Resources */,
			);
			buildRules = (
			);
			dependencies = (
				77426E7A290A59DA009BC0CA /* PBXTargetDependency */,
			);
			name = HPSampleUITests;
			productName = HPSampleUITests;
			productReference = 77426E78290A59DA009BC0CA /* HPSampleUITests.xctest */;
			productType = "com.apple.product-type.bundle.ui-testing";
		};
/* End PBXNativeTarget section */

/* Begin PBXProject section */
		77426E56290A59D8009BC0CA /* Project object */ = {
			isa = PBXProject;
			attributes = {
				BuildIndependentTargetsInParallel = 1;
				LastSwiftUpdateCheck = 1400;
				LastUpgradeCheck = 1400;
				TargetAttributes = {
					77426E5D290A59D8009BC0CA = {
						CreatedOnToolsVersion = 14.0.1;
					};
					77426E6D290A59DA009BC0CA = {
						CreatedOnToolsVersion = 14.0.1;
						TestTargetID = 77426E5D290A59D8009BC0CA;
					};
					77426E77290A59DA009BC0CA = {
						CreatedOnToolsVersion = 14.0.1;
						TestTargetID = 77426E5D290A59D8009BC0CA;
					};
				};
			};
			buildConfigurationList = 77426E59290A59D8009BC0CA /* Build configuration list for PBXProject "HPSample" */;
			compatibilityVersion = "Xcode 14.0";
			developmentRegion = en;
			hasScannedForEncodings = 0;
			knownRegions = (
				en,
				Base,
			);
			mainGroup = 77426E55290A59D8009BC0CA;
			productRefGroup = 77426E5F290A59D8009BC0CA /* Products */;
			projectDirPath = "";
			projectRoot = "";
			targets = (
				77426E5D290A59D8009BC0CA /* HPSample */,
				77426E6D290A59DA009BC0CA /* HPSampleTests */,
				77426E77290A59DA009BC0CA /* HPSampleUITests */,
			);
		};
/* End PBXProject section */

/* Begin PBXResourcesBuildPhase section */
		77426E5C290A59D8009BC0CA /* Resources */ = {
			isa = PBXResourcesBuildPhase;
			buildActionMask = 2147483647;
			files = (
				77426E69290A59DA009BC0CA /* Preview Assets.xcassets in Resources */,
				77426E66290A59DA009BC0CA /* Assets.xcassets in Resources */,
			);
			runOnlyForDeploymentPostprocessing = 0;
		};
		77426E6C290A59DA009BC0CA /* Resources */ = {
			isa = PBXResourcesBuildPhase;
			buildActionMask = 2147483647;
			files = (
			);
			runOnlyForDeploymentPostprocessing = 0;
		};
		77426E76290A59DA009BC0CA /* Resources */ = {
			isa = PBXResourcesBuildPhase;
			buildActionMask = 2147483647;
			files = (
			);
			runOnlyForDeploymentPostprocessing = 0;
		};
/* End PBXResourcesBuildPhase section */

/* Begin PBXSourcesBuildPhase section */
		77426E5A290A59D8009BC0CA /* Sources */ = {
			isa = PBXSourcesBuildPhase;
			buildActionMask = 2147483647;
			files = (
				77426E64290A59D8009BC0CA /* ContentView.swift in Sources */,
				77426E97290A5B3D009BC0CA /* HPService.swift in Sources */,
				77426E8D290A5A13009BC0CA /* NetworkService.swift in Sources */,
				77426E90290A5A42009BC0CA /* CharacterListView.swift in Sources */,
				77426E99290A648B009BC0CA /* CharacterViewModel.swift in Sources */,
				77426E95290A5A72009BC0CA /* Character.swift in Sources */,
				77426E9B290A6711009BC0CA /* CharacterItem.swift in Sources */,
				77426E92290A5A53009BC0CA /* CharacterListViewModel.swift in Sources */,
				77426E62290A59D8009BC0CA /* HPSampleApp.swift in Sources */,
			);
			runOnlyForDeploymentPostprocessing = 0;
		};
		77426E6A290A59DA009BC0CA /* Sources */ = {
			isa = PBXSourcesBuildPhase;
			buildActionMask = 2147483647;
			files = (
				77426E73290A59DA009BC0CA /* HPSampleTests.swift in Sources */,
			);
			runOnlyForDeploymentPostprocessing = 0;
		};
		77426E74290A59DA009BC0CA /* Sources */ = {
			isa = PBXSourcesBuildPhase;
			buildActionMask = 2147483647;
			files = (
				77426E7F290A59DA009BC0CA /* HPSampleUITestsLaunchTests.swift in Sources */,
				77426E7D290A59DA009BC0CA /* HPSampleUITests.swift in Sources */,
			);
			runOnlyForDeploymentPostprocessing = 0;
		};
/* End PBXSourcesBuildPhase section */

/* Begin PBXTargetDependency section */
		77426E70290A59DA009BC0CA /* PBXTargetDependency */ = {
			isa = PBXTargetDependency;
			target = 77426E5D290A59D8009BC0CA /* HPSample */;
			targetProxy = 77426E6F290A59DA009BC0CA /* PBXContainerItemProxy */;
		};
		77426E7A290A59DA009BC0CA /* PBXTargetDependency */ = {
			isa = PBXTargetDependency;
			target = 77426E5D290A59D8009BC0CA /* HPSample */;
			targetProxy = 77426E79290A59DA009BC0CA /* PBXContainerItemProxy */;
		};
/* End PBXTargetDependency section */

/* Begin XCBuildConfiguration section */
		77426E80290A59DA009BC0CA /* Debug */ = {
			isa = XCBuildConfiguration;
			buildSettings = {
				ALWAYS_SEARCH_USER_PATHS = NO;
				CLANG_ANALYZER_NONNULL = YES;
				CLANG_ANALYZER_NUMBER_OBJECT_CONVERSION = YES_AGGRESSIVE;
				CLANG_CXX_LANGUAGE_STANDARD = "gnu++20";
				CLANG_ENABLE_MODULES = YES;
				CLANG_ENABLE_OBJC_ARC = YES;
				CLANG_ENABLE_OBJC_WEAK = YES;
				CLANG_WARN_BLOCK_CAPTURE_AUTORELEASING = YES;
				CLANG_WARN_BOOL_CONVERSION = YES;
				CLANG_WARN_COMMA = YES;
				CLANG_WARN_CONSTANT_CONVERSION = YES;
				CLANG_WARN_DEPRECATED_OBJC_IMPLEMENTATIONS = YES;
				CLANG_WARN_DIRECT_OBJC_ISA_USAGE = YES_ERROR;
				CLANG_WARN_DOCUMENTATION_COMMENTS = YES;
				CLANG_WARN_EMPTY_BODY = YES;
				CLANG_WARN_ENUM_CONVERSION = YES;
				CLANG_WARN_INFINITE_RECURSION = YES;
				CLANG_WARN_INT_CONVERSION = YES;
				CLANG_WARN_NON_LITERAL_NULL_CONVERSION = YES;
				CLANG_WARN_OBJC_IMPLICIT_RETAIN_SELF = YES;
				CLANG_WARN_OBJC_LITERAL_CONVERSION = YES;
				CLANG_WARN_OBJC_ROOT_CLASS = YES_ERROR;
				CLANG_WARN_QUOTED_INCLUDE_IN_FRAMEWORK_HEADER = YES;
				CLANG_WARN_RANGE_LOOP_ANALYSIS = YES;
				CLANG_WARN_STRICT_PROTOTYPES = YES;
				CLANG_WARN_SUSPICIOUS_MOVE = YES;
				CLANG_WARN_UNGUARDED_AVAILABILITY = YES_AGGRESSIVE;
				CLANG_WARN_UNREACHABLE_CODE = YES;
				CLANG_WARN__DUPLICATE_METHOD_MATCH = YES;
				COPY_PHASE_STRIP = NO;
				DEBUG_INFORMATION_FORMAT = dwarf;
				ENABLE_STRICT_OBJC_MSGSEND = YES;
				ENABLE_TESTABILITY = YES;
				GCC_C_LANGUAGE_STANDARD = gnu11;
				GCC_DYNAMIC_NO_PIC = NO;
				GCC_NO_COMMON_BLOCKS = YES;
				GCC_OPTIMIZATION_LEVEL = 0;
				GCC_PREPROCESSOR_DEFINITIONS = (
					"DEBUG=1",
					"$(inherited)",
				);
				GCC_WARN_64_TO_32_BIT_CONVERSION = YES;
				GCC_WARN_ABOUT_RETURN_TYPE = YES_ERROR;
				GCC_WARN_UNDECLARED_SELECTOR = YES;
				GCC_WARN_UNINITIALIZED_AUTOS = YES_AGGRESSIVE;
				GCC_WARN_UNUSED_FUNCTION = YES;
				GCC_WARN_UNUSED_VARIABLE = YES;
				IPHONEOS_DEPLOYMENT_TARGET = 16.0;
				MTL_ENABLE_DEBUG_INFO = INCLUDE_SOURCE;
				MTL_FAST_MATH = YES;
				ONLY_ACTIVE_ARCH = YES;
				SDKROOT = iphoneos;
				SWIFT_ACTIVE_COMPILATION_CONDITIONS = DEBUG;
				SWIFT_OPTIMIZATION_LEVEL = "-Onone";
			};
			name = Debug;
		};
		77426E81290A59DA009BC0CA /* Release */ = {
			isa = XCBuildConfiguration;
			buildSettings = {
				ALWAYS_SEARCH_USER_PATHS = NO;
				CLANG_ANALYZER_NONNULL = YES;
				CLANG_ANALYZER_NUMBER_OBJECT_CONVERSION = YES_AGGRESSIVE;
				CLANG_CXX_LANGUAGE_STANDARD = "gnu++20";
				CLANG_ENABLE_MODULES = YES;
				CLANG_ENABLE_OBJC_ARC = YES;
				CLANG_ENABLE_OBJC_WEAK = YES;
				CLANG_WARN_BLOCK_CAPTURE_AUTORELEASING = YES;
				CLANG_WARN_BOOL_CONVERSION = YES;
				CLANG_WARN_COMMA = YES;
				CLANG_WARN_CONSTANT_CONVERSION = YES;
				CLANG_WARN_DEPRECATED_OBJC_IMPLEMENTATIONS = YES;
				CLANG_WARN_DIRECT_OBJC_ISA_USAGE = YES_ERROR;
				CLANG_WARN_DOCUMENTATION_COMMENTS = YES;
				CLANG_WARN_EMPTY_BODY = YES;
				CLANG_WARN_ENUM_CONVERSION = YES;
				CLANG_WARN_INFINITE_RECURSION = YES;
				CLANG_WARN_INT_CONVERSION = YES;
				CLANG_WARN_NON_LITERAL_NULL_CONVERSION = YES;
				CLANG_WARN_OBJC_IMPLICIT_RETAIN_SELF = YES;
				CLANG_WARN_OBJC_LITERAL_CONVERSION = YES;
				CLANG_WARN_OBJC_ROOT_CLASS = YES_ERROR;
				CLANG_WARN_QUOTED_INCLUDE_IN_FRAMEWORK_HEADER = YES;
				CLANG_WARN_RANGE_LOOP_ANALYSIS = YES;
				CLANG_WARN_STRICT_PROTOTYPES = YES;
				CLANG_WARN_SUSPICIOUS_MOVE = YES;
				CLANG_WARN_UNGUARDED_AVAILABILITY = YES_AGGRESSIVE;
				CLANG_WARN_UNREACHABLE_CODE = YES;
				CLANG_WARN__DUPLICATE_METHOD_MATCH = YES;
				COPY_PHASE_STRIP = NO;
				DEBUG_INFORMATION_FORMAT = "dwarf-with-dsym";
				ENABLE_NS_ASSERTIONS = NO;
				ENABLE_STRICT_OBJC_MSGSEND = YES;
				GCC_C_LANGUAGE_STANDARD = gnu11;
				GCC_NO_COMMON_BLOCKS = YES;
				GCC_WARN_64_TO_32_BIT_CONVERSION = YES;
				GCC_WARN_ABOUT_RETURN_TYPE = YES_ERROR;
				GCC_WARN_UNDECLARED_SELECTOR = YES;
				GCC_WARN_UNINITIALIZED_AUTOS = YES_AGGRESSIVE;
				GCC_WARN_UNUSED_FUNCTION = YES;
				GCC_WARN_UNUSED_VARIABLE = YES;
				IPHONEOS_DEPLOYMENT_TARGET = 16.0;
				MTL_ENABLE_DEBUG_INFO = NO;
				MTL_FAST_MATH = YES;
				SDKROOT = iphoneos;
				SWIFT_COMPILATION_MODE = wholemodule;
				SWIFT_OPTIMIZATION_LEVEL = "-O";
				VALIDATE_PRODUCT = YES;
			};
			name = Release;
		};
		77426E83290A59DA009BC0CA /* Debug */ = {
			isa = XCBuildConfiguration;
			buildSettings = {
				ASSETCATALOG_COMPILER_APPICON_NAME = AppIcon;
				ASSETCATALOG_COMPILER_GLOBAL_ACCENT_COLOR_NAME = AccentColor;
				CODE_SIGN_STYLE = Automatic;
				CURRENT_PROJECT_VERSION = 1;
				DEVELOPMENT_ASSET_PATHS = "\"HPSample/Preview Content\"";
				DEVELOPMENT_TEAM = ZB4G8WR697;
				ENABLE_PREVIEWS = YES;
				GENERATE_INFOPLIST_FILE = YES;
				INFOPLIST_KEY_UIApplicationSceneManifest_Generation = YES;
				INFOPLIST_KEY_UIApplicationSupportsIndirectInputEvents = YES;
				INFOPLIST_KEY_UILaunchScreen_Generation = YES;
				INFOPLIST_KEY_UISupportedInterfaceOrientations_iPad = "UIInterfaceOrientationPortrait UIInterfaceOrientationPortraitUpsideDown UIInterfaceOrientationLandscapeLeft UIInterfaceOrientationLandscapeRight";
				INFOPLIST_KEY_UISupportedInterfaceOrientations_iPhone = "UIInterfaceOrientationPortrait UIInterfaceOrientationLandscapeLeft UIInterfaceOrientationLandscapeRight";
				LD_RUNPATH_SEARCH_PATHS = (
					"$(inherited)",
					"@executable_path/Frameworks",
				);
				MARKETING_VERSION = 1.0;
				PRODUCT_BUNDLE_IDENTIFIER = "com.cocoaheads-2022.HPSample";
				PRODUCT_NAME = "$(TARGET_NAME)";
				SWIFT_EMIT_LOC_STRINGS = YES;
				SWIFT_VERSION = 5.0;
				TARGETED_DEVICE_FAMILY = "1,2";
			};
			name = Debug;
		};
		77426E84290A59DA009BC0CA /* Release */ = {
			isa = XCBuildConfiguration;
			buildSettings = {
				ASSETCATALOG_COMPILER_APPICON_NAME = AppIcon;
				ASSETCATALOG_COMPILER_GLOBAL_ACCENT_COLOR_NAME = AccentColor;
				CODE_SIGN_STYLE = Automatic;
				CURRENT_PROJECT_VERSION = 1;
				DEVELOPMENT_ASSET_PATHS = "\"HPSample/Preview Content\"";
				DEVELOPMENT_TEAM = ZB4G8WR697;
				ENABLE_PREVIEWS = YES;
				GENERATE_INFOPLIST_FILE = YES;
				INFOPLIST_KEY_UIApplicationSceneManifest_Generation = YES;
				INFOPLIST_KEY_UIApplicationSupportsIndirectInputEvents = YES;
				INFOPLIST_KEY_UILaunchScreen_Generation = YES;
				INFOPLIST_KEY_UISupportedInterfaceOrientations_iPad = "UIInterfaceOrientationPortrait UIInterfaceOrientationPortraitUpsideDown UIInterfaceOrientationLandscapeLeft UIInterfaceOrientationLandscapeRight";
				INFOPLIST_KEY_UISupportedInterfaceOrientations_iPhone = "UIInterfaceOrientationPortrait UIInterfaceOrientationLandscapeLeft UIInterfaceOrientationLandscapeRight";
				LD_RUNPATH_SEARCH_PATHS = (
					"$(inherited)",
					"@executable_path/Frameworks",
				);
				MARKETING_VERSION = 1.0;
				PRODUCT_BUNDLE_IDENTIFIER = "com.cocoaheads-2022.HPSample";
				PRODUCT_NAME = "$(TARGET_NAME)";
				SWIFT_EMIT_LOC_STRINGS = YES;
				SWIFT_VERSION = 5.0;
				TARGETED_DEVICE_FAMILY = "1,2";
			};
			name = Release;
		};
		77426E86290A59DA009BC0CA /* Debug */ = {
			isa = XCBuildConfiguration;
			buildSettings = {
				ALWAYS_EMBED_SWIFT_STANDARD_LIBRARIES = YES;
				BUNDLE_LOADER = "$(TEST_HOST)";
				CODE_SIGN_STYLE = Automatic;
				CURRENT_PROJECT_VERSION = 1;
				DEVELOPMENT_TEAM = ZB4G8WR697;
				GENERATE_INFOPLIST_FILE = YES;
				IPHONEOS_DEPLOYMENT_TARGET = 16.0;
				MARKETING_VERSION = 1.0;
				PRODUCT_BUNDLE_IDENTIFIER = "com.cocoaheads-2022.HPSampleTests";
				PRODUCT_NAME = "$(TARGET_NAME)";
				SWIFT_EMIT_LOC_STRINGS = NO;
				SWIFT_VERSION = 5.0;
				TARGETED_DEVICE_FAMILY = "1,2";
				TEST_HOST = "$(BUILT_PRODUCTS_DIR)/HPSample.app/$(BUNDLE_EXECUTABLE_FOLDER_PATH)/HPSample";
			};
			name = Debug;
		};
		77426E87290A59DA009BC0CA /* Release */ = {
			isa = XCBuildConfiguration;
			buildSettings = {
				ALWAYS_EMBED_SWIFT_STANDARD_LIBRARIES = YES;
				BUNDLE_LOADER = "$(TEST_HOST)";
				CODE_SIGN_STYLE = Automatic;
				CURRENT_PROJECT_VERSION = 1;
				DEVELOPMENT_TEAM = ZB4G8WR697;
				GENERATE_INFOPLIST_FILE = YES;
				IPHONEOS_DEPLOYMENT_TARGET = 16.0;
				MARKETING_VERSION = 1.0;
				PRODUCT_BUNDLE_IDENTIFIER = "com.cocoaheads-2022.HPSampleTests";
				PRODUCT_NAME = "$(TARGET_NAME)";
				SWIFT_EMIT_LOC_STRINGS = NO;
				SWIFT_VERSION = 5.0;
				TARGETED_DEVICE_FAMILY = "1,2";
				TEST_HOST = "$(BUILT_PRODUCTS_DIR)/HPSample.app/$(BUNDLE_EXECUTABLE_FOLDER_PATH)/HPSample";
			};
			name = Release;
		};
		77426E89290A59DA009BC0CA /* Debug */ = {
			isa = XCBuildConfiguration;
			buildSettings = {
				ALWAYS_EMBED_SWIFT_STANDARD_LIBRARIES = YES;
				CODE_SIGN_STYLE = Automatic;
				CURRENT_PROJECT_VERSION = 1;
				DEVELOPMENT_TEAM = ZB4G8WR697;
				GENERATE_INFOPLIST_FILE = YES;
				MARKETING_VERSION = 1.0;
				PRODUCT_BUNDLE_IDENTIFIER = "com.cocoaheads-2022.HPSampleUITests";
				PRODUCT_NAME = "$(TARGET_NAME)";
				SWIFT_EMIT_LOC_STRINGS = NO;
				SWIFT_VERSION = 5.0;
				TARGETED_DEVICE_FAMILY = "1,2";
				TEST_TARGET_NAME = HPSample;
			};
			name = Debug;
		};
		77426E8A290A59DA009BC0CA /* Release */ = {
			isa = XCBuildConfiguration;
			buildSettings = {
				ALWAYS_EMBED_SWIFT_STANDARD_LIBRARIES = YES;
				CODE_SIGN_STYLE = Automatic;
				CURRENT_PROJECT_VERSION = 1;
				DEVELOPMENT_TEAM = ZB4G8WR697;
				GENERATE_INFOPLIST_FILE = YES;
				MARKETING_VERSION = 1.0;
				PRODUCT_BUNDLE_IDENTIFIER = "com.cocoaheads-2022.HPSampleUITests";
				PRODUCT_NAME = "$(TARGET_NAME)";
				SWIFT_EMIT_LOC_STRINGS = NO;
				SWIFT_VERSION = 5.0;
				TARGETED_DEVICE_FAMILY = "1,2";
				TEST_TARGET_NAME = HPSample;
			};
			name = Release;
		};
/* End XCBuildConfiguration section */

/* Begin XCConfigurationList section */
		77426E59290A59D8009BC0CA /* Build configuration list for PBXProject "HPSample" */ = {
			isa = XCConfigurationList;
			buildConfigurations = (
				77426E80290A59DA009BC0CA /* Debug */,
				77426E81290A59DA009BC0CA /* Release */,
			);
			defaultConfigurationIsVisible = 0;
			defaultConfigurationName = Release;
		};
		77426E82290A59DA009BC0CA /* Build configuration list for PBXNativeTarget "HPSample" */ = {
			isa = XCConfigurationList;
			buildConfigurations = (
				77426E83290A59DA009BC0CA /* Debug */,
				77426E84290A59DA009BC0CA /* Release */,
			);
			defaultConfigurationIsVisible = 0;
			defaultConfigurationName = Release;
		};
		77426E85290A59DA009BC0CA /* Build configuration list for PBXNativeTarget "HPSampleTests" */ = {
			isa = XCConfigurationList;
			buildConfigurations = (
				77426E86290A59DA009BC0CA /* Debug */,
				77426E87290A59DA009BC0CA /* Release */,
			);
			defaultConfigurationIsVisible = 0;
			defaultConfigurationName = Release;
		};
		77426E88290A59DA009BC0CA /* Build configuration list for PBXNativeTarget "HPSampleUITests" */ = {
			isa = XCConfigurationList;
			buildConfigurations = (
				77426E89290A59DA009BC0CA /* Debug */,
				77426E8A290A59DA009BC0CA /* Release */,
			);
			defaultConfigurationIsVisible = 0;
			defaultConfigurationName = Release;
		};
/* End XCConfigurationList section */
	};
	rootObject = 77426E56290A59D8009BC0CA /* Project object */;
}
